
Microsoft Visual Studio Solution File, Format Version 12.00
# Visual Studio 2013
VisualStudioVersion = 12.0.21005.1
MinimumVisualStudioVersion = 10.0.40219.1
Project("{FAE04EC0-301F-11D3-BF4B-00C04F79EFBC}") = "CDZ.NET", "CDZ.NET\CDZ.NET.csproj", "{491CC76F-2292-4BC8-83D4-3CA857559F6F}"
EndProject
Project("{FAE04EC0-301F-11D3-BF4B-00C04F79EFBC}") = "ImageListTrainer", "ImageListTrainer\ImageListTrainer.csproj", "{999AA878-C67E-4893-AA8D-A00A498A3227}"
EndProject
Project("{2150E333-8FDC-42A3-9474-1A3956D46DE8}") = "Applications", "Applications", "{90D21AF1-8C8A-4FC0-BC50-3A8B8E3E8B63}"
EndProject
Project("{FAE04EC0-301F-11D3-BF4B-00C04F79EFBC}") = "CDZ.NET.GUI", "CDZ.NET.GUI\CDZ.NET.GUI.csproj", "{7785E7D6-6841-4F48-B9A2-3E7516972E17}"
EndProject
Project("{2150E333-8FDC-42A3-9474-1A3956D46DE8}") = "CDZ .NET", "CDZ .NET", "{4743A8C6-2A9E-482E-AB44-C8C21EB9E005}"
EndProject
Project("{2150E333-8FDC-42A3-9474-1A3956D46DE8}") = "Hippocampus", "Hippocampus", "{F68FD541-EF96-4562-A75A-6D1218F2AE7D}"
EndProject
Project("{FAE04EC0-301F-11D3-BF4B-00C04F79EFBC}") = "TimeCells", "TimeCells\TimeCells.csproj", "{904E6F2E-D3C4-4D1B-AE2F-517C5CDA8C7C}"
EndProject
Project("{FAE04EC0-301F-11D3-BF4B-00C04F79EFBC}") = "Visual-HippocampalSystem", "HippocampalSystem\Visual-HippocampalSystem.csproj", "{9F67387D-1FA7-4CA9-9594-EB75E9345858}"
EndProject
Project("{2150E333-8FDC-42A3-9474-1A3956D46DE8}") = "H5W Draft", "H5W Draft", "{133A4AE7-4724-494C-A422-7B1E389935E0}"
EndProject
Project("{FAE04EC0-301F-11D3-BF4B-00C04F79EFBC}") = "KnowledgePropagation", "KnowledgePropagation\KnowledgePropagation.csproj", "{8647D2E4-47FC-4943-9FE2-AAF4469F40CF}"
EndProject
Project("{FAE04EC0-301F-11D3-BF4B-00C04F79EFBC}") = "VowelWorldModel", "VowelWorldModel\VowelWorldModel.csproj", "{B83B250E-B9E0-4D02-8EA9-5C1A910E291C}"
EndProject
Global
	GlobalSection(SolutionConfigurationPlatforms) = preSolution
		Debug|Any CPU = Debug|Any CPU
		Release|Any CPU = Release|Any CPU
	EndGlobalSection
	GlobalSection(ProjectConfigurationPlatforms) = postSolution
		{491CC76F-2292-4BC8-83D4-3CA857559F6F}.Debug|Any CPU.ActiveCfg = Debug|Any CPU
		{491CC76F-2292-4BC8-83D4-3CA857559F6F}.Debug|Any CPU.Build.0 = Debug|Any CPU
		{491CC76F-2292-4BC8-83D4-3CA857559F6F}.Release|Any CPU.ActiveCfg = Release|Any CPU
		{491CC76F-2292-4BC8-83D4-3CA857559F6F}.Release|Any CPU.Build.0 = Release|Any CPU
		{999AA878-C67E-4893-AA8D-A00A498A3227}.Debug|Any CPU.ActiveCfg = Debug|Any CPU
		{999AA878-C67E-4893-AA8D-A00A498A3227}.Debug|Any CPU.Build.0 = Debug|Any CPU
		{999AA878-C67E-4893-AA8D-A00A498A3227}.Release|Any CPU.ActiveCfg = Release|Any CPU
		{999AA878-C67E-4893-AA8D-A00A498A3227}.Release|Any CPU.Build.0 = Release|Any CPU
		{7785E7D6-6841-4F48-B9A2-3E7516972E17}.Debug|Any CPU.ActiveCfg = Debug|Any CPU
		{7785E7D6-6841-4F48-B9A2-3E7516972E17}.Debug|Any CPU.Build.0 = Debug|Any CPU
		{7785E7D6-6841-4F48-B9A2-3E7516972E17}.Release|Any CPU.ActiveCfg = Release|Any CPU
		{7785E7D6-6841-4F48-B9A2-3E7516972E17}.Release|Any CPU.Build.0 = Release|Any CPU
		{904E6F2E-D3C4-4D1B-AE2F-517C5CDA8C7C}.Debug|Any CPU.ActiveCfg = Debug|Any CPU
		{904E6F2E-D3C4-4D1B-AE2F-517C5CDA8C7C}.Debug|Any CPU.Build.0 = Debug|Any CPU
		{904E6F2E-D3C4-4D1B-AE2F-517C5CDA8C7C}.Release|Any CPU.ActiveCfg = Release|Any CPU
		{904E6F2E-D3C4-4D1B-AE2F-517C5CDA8C7C}.Release|Any CPU.Build.0 = Release|Any CPU
		{9F67387D-1FA7-4CA9-9594-EB75E9345858}.Debug|Any CPU.ActiveCfg = Debug|Any CPU
		{9F67387D-1FA7-4CA9-9594-EB75E9345858}.Debug|Any CPU.Build.0 = Debug|Any CPU
		{9F67387D-1FA7-4CA9-9594-EB75E9345858}.Release|Any CPU.ActiveCfg = Release|Any CPU
		{9F67387D-1FA7-4CA9-9594-EB75E9345858}.Release|Any CPU.Build.0 = Release|Any CPU
		{8647D2E4-47FC-4943-9FE2-AAF4469F40CF}.Debug|Any CPU.ActiveCfg = Debug|Any CPU
		{8647D2E4-47FC-4943-9FE2-AAF4469F40CF}.Debug|Any CPU.Build.0 = Debug|Any CPU
		{8647D2E4-47FC-4943-9FE2-AAF4469F40CF}.Release|Any CPU.ActiveCfg = Release|Any CPU
		{8647D2E4-47FC-4943-9FE2-AAF4469F40CF}.Release|Any CPU.Build.0 = Release|Any CPU
		{B83B250E-B9E0-4D02-8EA9-5C1A910E291C}.Debug|Any CPU.ActiveCfg = Debug|Any CPU
		{B83B250E-B9E0-4D02-8EA9-5C1A910E291C}.Debug|Any CPU.Build.0 = Debug|Any CPU
		{B83B250E-B9E0-4D02-8EA9-5C1A910E291C}.Release|Any CPU.ActiveCfg = Release|Any CPU
		{B83B250E-B9E0-4D02-8EA9-5C1A910E291C}.Release|Any CPU.Build.0 = Release|Any CPU
	EndGlobalSection
	GlobalSection(SolutionProperties) = preSolution
		HideSolutionNode = FALSE
	EndGlobalSection
	GlobalSection(NestedProjects) = preSolution
		{90D21AF1-8C8A-4FC0-BC50-3A8B8E3E8B63} = {4743A8C6-2A9E-482E-AB44-C8C21EB9E005}
		{7785E7D6-6841-4F48-B9A2-3E7516972E17} = {4743A8C6-2A9E-482E-AB44-C8C21EB9E005}
		{491CC76F-2292-4BC8-83D4-3CA857559F6F} = {4743A8C6-2A9E-482E-AB44-C8C21EB9E005}
		{999AA878-C67E-4893-AA8D-A00A498A3227} = {90D21AF1-8C8A-4FC0-BC50-3A8B8E3E8B63}
		{904E6F2E-D3C4-4D1B-AE2F-517C5CDA8C7C} = {F68FD541-EF96-4562-A75A-6D1218F2AE7D}
		{9F67387D-1FA7-4CA9-9594-EB75E9345858} = {F68FD541-EF96-4562-A75A-6D1218F2AE7D}
		{B83B250E-B9E0-4D02-8EA9-5C1A910E291C} = {F68FD541-EF96-4562-A75A-6D1218F2AE7D}
		{8647D2E4-47FC-4943-9FE2-AAF4469F40CF} = {133A4AE7-4724-494C-A422-7B1E389935E0}
	EndGlobalSection
EndGlobal
